// !$*UTF8*$!
{
	archiveVersion = 1;
	classes = {
	};
	objectVersion = 46;
	objects = {

/* Begin PBXBuildFile section */
		568DFA651D9FF035006CCF26 /* AppDelegate.swift in Sources */ = {isa = PBXBuildFile; fileRef = 568DFA641D9FF035006CCF26 /* AppDelegate.swift */; };
		568DFA671D9FF035006CCF26 /* ViewController.swift in Sources */ = {isa = PBXBuildFile; fileRef = 568DFA661D9FF035006CCF26 /* ViewController.swift */; };
		568DFA6A1D9FF035006CCF26 /* Main.storyboard in Resources */ = {isa = PBXBuildFile; fileRef = 568DFA681D9FF035006CCF26 /* Main.storyboard */; };
		568DFA6C1D9FF035006CCF26 /* Assets.xcassets in Resources */ = {isa = PBXBuildFile; fileRef = 568DFA6B1D9FF035006CCF26 /* Assets.xcassets */; };
		568DFA6F1D9FF035006CCF26 /* LaunchScreen.storyboard in Resources */ = {isa = PBXBuildFile; fileRef = 568DFA6D1D9FF035006CCF26 /* LaunchScreen.storyboard */; };
		568DFA7A1D9FF035006CCF26 /* GhostGabTests.swift in Sources */ = {isa = PBXBuildFile; fileRef = 568DFA791D9FF035006CCF26 /* GhostGabTests.swift */; };
		568DFA851D9FF035006CCF26 /* GhostGabUITests.swift in Sources */ = {isa = PBXBuildFile; fileRef = 568DFA841D9FF035006CCF26 /* GhostGabUITests.swift */; };
/* End PBXBuildFile section */

/* Begin PBXContainerItemProxy section */
		568DFA761D9FF035006CCF26 /* PBXContainerItemProxy */ = {
			isa = PBXContainerItemProxy;
			containerPortal = 568DFA591D9FF034006CCF26 /* Project object */;
			proxyType = 1;
			remoteGlobalIDString = 568DFA601D9FF034006CCF26;
			remoteInfo = GhostGab;
		};
		568DFA811D9FF035006CCF26 /* PBXContainerItemProxy */ = {
			isa = PBXContainerItemProxy;
			containerPortal = 568DFA591D9FF034006CCF26 /* Project object */;
			proxyType = 1;
			remoteGlobalIDString = 568DFA601D9FF034006CCF26;
			remoteInfo = GhostGab;
		};
/* End PBXContainerItemProxy section */

/* Begin PBXFileReference section */
		568DFA611D9FF035006CCF26 /* GhostGab.app */ = {isa = PBXFileReference; explicitFileType = wrapper.application; includeInIndex = 0; path = GhostGab.app; sourceTree = BUILT_PRODUCTS_DIR; };
		568DFA641D9FF035006CCF26 /* AppDelegate.swift */ = {isa = PBXFileReference; lastKnownFileType = sourcecode.swift; path = AppDelegate.swift; sourceTree = "<group>"; };
		568DFA661D9FF035006CCF26 /* ViewController.swift */ = {isa = PBXFileReference; lastKnownFileType = sourcecode.swift; path = ViewController.swift; sourceTree = "<group>"; };
		568DFA691D9FF035006CCF26 /* Base */ = {isa = PBXFileReference; lastKnownFileType = file.storyboard; name = Base; path = Base.lproj/Main.storyboard; sourceTree = "<group>"; };
		568DFA6B1D9FF035006CCF26 /* Assets.xcassets */ = {isa = PBXFileReference; lastKnownFileType = folder.assetcatalog; path = Assets.xcassets; sourceTree = "<group>"; };
		568DFA6E1D9FF035006CCF26 /* Base */ = {isa = PBXFileReference; lastKnownFileType = file.storyboard; name = Base; path = Base.lproj/LaunchScreen.storyboard; sourceTree = "<group>"; };
		568DFA701D9FF035006CCF26 /* Info.plist */ = {isa = PBXFileReference; lastKnownFileType = text.plist.xml; path = Info.plist; sourceTree = "<group>"; };
		568DFA751D9FF035006CCF26 /* GhostGabTests.xctest */ = {isa = PBXFileReference; explicitFileType = wrapper.cfbundle; includeInIndex = 0; path = GhostGabTests.xctest; sourceTree = BUILT_PRODUCTS_DIR; };
		568DFA791D9FF035006CCF26 /* GhostGabTests.swift */ = {isa = PBXFileReference; lastKnownFileType = sourcecode.swift; path = GhostGabTests.swift; sourceTree = "<group>"; };
		568DFA7B1D9FF035006CCF26 /* Info.plist */ = {isa = PBXFileReference; lastKnownFileType = text.plist.xml; path = Info.plist; sourceTree = "<group>"; };
		568DFA801D9FF035006CCF26 /* GhostGabUITests.xctest */ = {isa = PBXFileReference; explicitFileType = wrapper.cfbundle; includeInIndex = 0; path = GhostGabUITests.xctest; sourceTree = BUILT_PRODUCTS_DIR; };
		568DFA841D9FF035006CCF26 /* GhostGabUITests.swift */ = {isa = PBXFileReference; lastKnownFileType = sourcecode.swift; path = GhostGabUITests.swift; sourceTree = "<group>"; };
		568DFA861D9FF035006CCF26 /* Info.plist */ = {isa = PBXFileReference; lastKnownFileType = text.plist.xml; path = Info.plist; sourceTree = "<group>"; };
/* End PBXFileReference section */

/* Begin PBXFrameworksBuildPhase section */
		568DFA5E1D9FF034006CCF26 /* Frameworks */ = {
			isa = PBXFrameworksBuildPhase;
			buildActionMask = 2147483647;
			files = (
			);
			runOnlyForDeploymentPostprocessing = 0;
		};
		568DFA721D9FF035006CCF26 /* Frameworks */ = {
			isa = PBXFrameworksBuildPhase;
			buildActionMask = 2147483647;
			files = (
			);
			runOnlyForDeploymentPostprocessing = 0;
		};
		568DFA7D1D9FF035006CCF26 /* Frameworks */ = {
			isa = PBXFrameworksBuildPhase;
			buildActionMask = 2147483647;
			files = (
			);
			runOnlyForDeploymentPostprocessing = 0;
		};
/* End PBXFrameworksBuildPhase section */

/* Begin PBXGroup section */
		568DFA581D9FF034006CCF26 = {
			isa = PBXGroup;
			children = (
				568DFA631D9FF035006CCF26 /* GhostGab */,
				568DFA781D9FF035006CCF26 /* GhostGabTests */,
				568DFA831D9FF035006CCF26 /* GhostGabUITests */,
				568DFA621D9FF035006CCF26 /* Products */,
			);
			sourceTree = "<group>";
		};
		568DFA621D9FF035006CCF26 /* Products */ = {
			isa = PBXGroup;
			children = (
				568DFA611D9FF035006CCF26 /* GhostGab.app */,
				568DFA751D9FF035006CCF26 /* GhostGabTests.xctest */,
				568DFA801D9FF035006CCF26 /* GhostGabUITests.xctest */,
			);
			name = Products;
			sourceTree = "<group>";
		};
		568DFA631D9FF035006CCF26 /* GhostGab */ = {
			isa = PBXGroup;
			children = (
				568DFA641D9FF035006CCF26 /* AppDelegate.swift */,
				568DFA661D9FF035006CCF26 /* ViewController.swift */,
				568DFA681D9FF035006CCF26 /* Main.storyboard */,
				568DFA6B1D9FF035006CCF26 /* Assets.xcassets */,
				568DFA6D1D9FF035006CCF26 /* LaunchScreen.storyboard */,
				568DFA701D9FF035006CCF26 /* Info.plist */,
			);
			path = GhostGab;
			sourceTree = "<group>";
		};
		568DFA781D9FF035006CCF26 /* GhostGabTests */ = {
			isa = PBXGroup;
			children = (
				568DFA791D9FF035006CCF26 /* GhostGabTests.swift */,
				568DFA7B1D9FF035006CCF26 /* Info.plist */,
			);
			path = GhostGabTests;
			sourceTree = "<group>";
		};
		568DFA831D9FF035006CCF26 /* GhostGabUITests */ = {
			isa = PBXGroup;
			children = (
				568DFA841D9FF035006CCF26 /* GhostGabUITests.swift */,
				568DFA861D9FF035006CCF26 /* Info.plist */,
			);
			path = GhostGabUITests;
			sourceTree = "<group>";
		};
/* End PBXGroup section */

/* Begin PBXNativeTarget section */
		568DFA601D9FF034006CCF26 /* GhostGab */ = {
			isa = PBXNativeTarget;
			buildConfigurationList = 568DFA891D9FF035006CCF26 /* Build configuration list for PBXNativeTarget "GhostGab" */;
			buildPhases = (
				568DFA5D1D9FF034006CCF26 /* Sources */,
				568DFA5E1D9FF034006CCF26 /* Frameworks */,
				568DFA5F1D9FF034006CCF26 /* Resources */,
			);
			buildRules = (
			);
			dependencies = (
			);
			name = GhostGab;
			productName = GhostGab;
			productReference = 568DFA611D9FF035006CCF26 /* GhostGab.app */;
			productType = "com.apple.product-type.application";
		};
		568DFA741D9FF035006CCF26 /* GhostGabTests */ = {
			isa = PBXNativeTarget;
			buildConfigurationList = 568DFA8C1D9FF035006CCF26 /* Build configuration list for PBXNativeTarget "GhostGabTests" */;
			buildPhases = (
				568DFA711D9FF035006CCF26 /* Sources */,
				568DFA721D9FF035006CCF26 /* Frameworks */,
				568DFA731D9FF035006CCF26 /* Resources */,
			);
			buildRules = (
			);
			dependencies = (
				568DFA771D9FF035006CCF26 /* PBXTargetDependency */,
			);
			name = GhostGabTests;
			productName = GhostGabTests;
			productReference = 568DFA751D9FF035006CCF26 /* GhostGabTests.xctest */;
			productType = "com.apple.product-type.bundle.unit-test";
		};
		568DFA7F1D9FF035006CCF26 /* GhostGabUITests */ = {
			isa = PBXNativeTarget;
			buildConfigurationList = 568DFA8F1D9FF035006CCF26 /* Build configuration list for PBXNativeTarget "GhostGabUITests" */;
			buildPhases = (
				568DFA7C1D9FF035006CCF26 /* Sources */,
				568DFA7D1D9FF035006CCF26 /* Frameworks */,
				568DFA7E1D9FF035006CCF26 /* Resources */,
			);
			buildRules = (
			);
			dependencies = (
				568DFA821D9FF035006CCF26 /* PBXTargetDependency */,
			);
			name = GhostGabUITests;
			productName = GhostGabUITests;
			productReference = 568DFA801D9FF035006CCF26 /* GhostGabUITests.xctest */;
			productType = "com.apple.product-type.bundle.ui-testing";
		};
/* End PBXNativeTarget section */

/* Begin PBXProject section */
		568DFA591D9FF034006CCF26 /* Project object */ = {
			isa = PBXProject;
			attributes = {
				LastSwiftUpdateCheck = 0800;
				LastUpgradeCheck = 0800;
				ORGANIZATIONNAME = "Sruthin Gaddam";
				TargetAttributes = {
					568DFA601D9FF034006CCF26 = {
						CreatedOnToolsVersion = 8.0;
						ProvisioningStyle = Automatic;
					};
					568DFA741D9FF035006CCF26 = {
						CreatedOnToolsVersion = 8.0;
						ProvisioningStyle = Automatic;
						TestTargetID = 568DFA601D9FF034006CCF26;
					};
					568DFA7F1D9FF035006CCF26 = {
						CreatedOnToolsVersion = 8.0;
						ProvisioningStyle = Automatic;
						TestTargetID = 568DFA601D9FF034006CCF26;
					};
				};
			};
			buildConfigurationList = 568DFA5C1D9FF034006CCF26 /* Build configuration list for PBXProject "GhostGab" */;
			compatibilityVersion = "Xcode 3.2";
			developmentRegion = English;
			hasScannedForEncodings = 0;
			knownRegions = (
				en,
				Base,
			);
			mainGroup = 568DFA581D9FF034006CCF26;
			productRefGroup = 568DFA621D9FF035006CCF26 /* Products */;
			projectDirPath = "";
			projectRoot = "";
			targets = (
				568DFA601D9FF034006CCF26 /* GhostGab */,
				568DFA741D9FF035006CCF26 /* GhostGabTests */,
				568DFA7F1D9FF035006CCF26 /* GhostGabUITests */,
			);
		};
/* End PBXProject section */

/* Begin PBXResourcesBuildPhase section */
		568DFA5F1D9FF034006CCF26 /* Resources */ = {
			isa = PBXResourcesBuildPhase;
			buildActionMask = 2147483647;
			files = (
				568DFA6F1D9FF035006CCF26 /* LaunchScreen.storyboard in Resources */,
				568DFA6C1D9FF035006CCF26 /* Assets.xcassets in Resources */,
				568DFA6A1D9FF035006CCF26 /* Main.storyboard in Resources */,
			);
			runOnlyForDeploymentPostprocessing = 0;
		};
		568DFA731D9FF035006CCF26 /* Resources */ = {
			isa = PBXResourcesBuildPhase;
			buildActionMask = 2147483647;
			files = (
			);
			runOnlyForDeploymentPostprocessing = 0;
		};
		568DFA7E1D9FF035006CCF26 /* Resources */ = {
			isa = PBXResourcesBuildPhase;
			buildActionMask = 2147483647;
			files = (
			);
			runOnlyForDeploymentPostprocessing = 0;
		};
/* End PBXResourcesBuildPhase section */

/* Begin PBXSourcesBuildPhase section */
		568DFA5D1D9FF034006CCF26 /* Sources */ = {
			isa = PBXSourcesBuildPhase;
			buildActionMask = 2147483647;
			files = (
				568DFA671D9FF035006CCF26 /* ViewController.swift in Sources */,
				568DFA651D9FF035006CCF26 /* AppDelegate.swift in Sources */,
			);
			runOnlyForDeploymentPostprocessing = 0;
		};
		568DFA711D9FF035006CCF26 /* Sources */ = {
			isa = PBXSourcesBuildPhase;
			buildActionMask = 2147483647;
			files = (
				568DFA7A1D9FF035006CCF26 /* GhostGabTests.swift in Sources */,
			);
			runOnlyForDeploymentPostprocessing = 0;
		};
		568DFA7C1D9FF035006CCF26 /* Sources */ = {
			isa = PBXSourcesBuildPhase;
			buildActionMask = 2147483647;
			files = (
				568DFA851D9FF035006CCF26 /* GhostGabUITests.swift in Sources */,
			);
			runOnlyForDeploymentPostprocessing = 0;
		};
/* End PBXSourcesBuildPhase section */

/* Begin PBXTargetDependency section */
		568DFA771D9FF035006CCF26 /* PBXTargetDependency */ = {
			isa = PBXTargetDependency;
			target = 568DFA601D9FF034006CCF26 /* GhostGab */;
			targetProxy = 568DFA761D9FF035006CCF26 /* PBXContainerItemProxy */;
		};
		568DFA821D9FF035006CCF26 /* PBXTargetDependency */ = {
			isa = PBXTargetDependency;
			target = 568DFA601D9FF034006CCF26 /* GhostGab */;
			targetProxy = 568DFA811D9FF035006CCF26 /* PBXContainerItemProxy */;
		};
/* End PBXTargetDependency section */

/* Begin PBXVariantGroup section */
		568DFA681D9FF035006CCF26 /* Main.storyboard */ = {
			isa = PBXVariantGroup;
			children = (
				568DFA691D9FF035006CCF26 /* Base */,
			);
			name = Main.storyboard;
			sourceTree = "<group>";
		};
		568DFA6D1D9FF035006CCF26 /* LaunchScreen.storyboard */ = {
			isa = PBXVariantGroup;
			children = (
				568DFA6E1D9FF035006CCF26 /* Base */,
			);
			name = LaunchScreen.storyboard;
			sourceTree = "<group>";
		};
/* End PBXVariantGroup section */

/* Begin XCBuildConfiguration section */
		568DFA871D9FF035006CCF26 /* Debug */ = {
			isa = XCBuildConfiguration;
			buildSettings = {
				ALWAYS_SEARCH_USER_PATHS = NO;
				CLANG_ANALYZER_NONNULL = YES;
				CLANG_CXX_LANGUAGE_STANDARD = "gnu++0x";
				CLANG_CXX_LIBRARY = "libc++";
				CLANG_ENABLE_MODULES = YES;
				CLANG_ENABLE_OBJC_ARC = YES;
				CLANG_WARN_BOOL_CONVERSION = YES;
				CLANG_WARN_CONSTANT_CONVERSION = YES;
				CLANG_WARN_DIRECT_OBJC_ISA_USAGE = YES_ERROR;
				CLANG_WARN_DOCUMENTATION_COMMENTS = YES;
				CLANG_WARN_EMPTY_BODY = YES;
				CLANG_WARN_ENUM_CONVERSION = YES;
				CLANG_WARN_INFINITE_RECURSION = YES;
				CLANG_WARN_INT_CONVERSION = YES;
				CLANG_WARN_OBJC_ROOT_CLASS = YES_ERROR;
				CLANG_WARN_SUSPICIOUS_MOVES = YES;
				CLANG_WARN_UNREACHABLE_CODE = YES;
				CLANG_WARN__DUPLICATE_METHOD_MATCH = YES;
				"CODE_SIGN_IDENTITY[sdk=iphoneos*]" = "iPhone Developer";
				COPY_PHASE_STRIP = NO;
				DEBUG_INFORMATION_FORMAT = dwarf;
				ENABLE_STRICT_OBJC_MSGSEND = YES;
				ENABLE_TESTABILITY = YES;
				GCC_C_LANGUAGE_STANDARD = gnu99;
				GCC_DYNAMIC_NO_PIC = NO;
				GCC_NO_COMMON_BLOCKS = YES;
				GCC_OPTIMIZATION_LEVEL = 0;
				GCC_PREPROCESSOR_DEFINITIONS = (
					"DEBUG=1",
					"$(inherited)",
				);
				GCC_WARN_64_TO_32_BIT_CONVERSION = YES;
				GCC_WARN_ABOUT_RETURN_TYPE = YES_ERROR;
				GCC_WARN_UNDECLARED_SELECTOR = YES;
				GCC_WARN_UNINITIALIZED_AUTOS = YES_AGGRESSIVE;
				GCC_WARN_UNUSED_FUNCTION = YES;
				GCC_WARN_UNUSED_VARIABLE = YES;
				IPHONEOS_DEPLOYMENT_TARGET = 10.0;
				MTL_ENABLE_DEBUG_INFO = YES;
				ONLY_ACTIVE_ARCH = YES;
				SDKROOT = iphoneos;
				SWIFT_ACTIVE_COMPILATION_CONDITIONS = DEBUG;
				SWIFT_OPTIMIZATION_LEVEL = "-Onone";
				TARGETED_DEVICE_FAMILY = "1,2";
			};
			name = Debug;
		};
		568DFA881D9FF035006CCF26 /* Release */ = {
			isa = XCBuildConfiguration;
			buildSettings = {
				ALWAYS_SEARCH_USER_PATHS = NO;
				CLANG_ANALYZER_NONNULL = YES;
				CLANG_CXX_LANGUAGE_STANDARD = "gnu++0x";
				CLANG_CXX_LIBRARY = "libc++";
				CLANG_ENABLE_MODULES = YES;
				CLANG_ENABLE_OBJC_ARC = YES;
				CLANG_WARN_BOOL_CONVERSION = YES;
				CLANG_WARN_CONSTANT_CONVERSION = YES;
				CLANG_WARN_DIRECT_OBJC_ISA_USAGE = YES_ERROR;
				CLANG_WARN_DOCUMENTATION_COMMENTS = YES;
				CLANG_WARN_EMPTY_BODY = YES;
				CLANG_WARN_ENUM_CONVERSION = YES;
				CLANG_WARN_INFINITE_RECURSION = YES;
				CLANG_WARN_INT_CONVERSION = YES;
				CLANG_WARN_OBJC_ROOT_CLASS = YES_ERROR;
				CLANG_WARN_SUSPICIOUS_MOVES = YES;
				CLANG_WARN_UNREACHABLE_CODE = YES;
				CLANG_WARN__DUPLICATE_METHOD_MATCH = YES;
				"CODE_SIGN_IDENTITY[sdk=iphoneos*]" = "iPhone Developer";
				COPY_PHASE_STRIP = NO;
				DEBUG_INFORMATION_FORMAT = "dwarf-with-dsym";
				ENABLE_NS_ASSERTIONS = NO;
				ENABLE_STRICT_OBJC_MSGSEND = YES;
				GCC_C_LANGUAGE_STANDARD = gnu99;
				GCC_NO_COMMON_BLOCKS = YES;
				GCC_WARN_64_TO_32_BIT_CONVERSION = YES;
				GCC_WARN_ABOUT_RETURN_TYPE = YES_ERROR;
				GCC_WARN_UNDECLARED_SELECTOR = YES;
				GCC_WARN_UNINITIALIZED_AUTOS = YES_AGGRESSIVE;
				GCC_WARN_UNUSED_FUNCTION = YES;
				GCC_WARN_UNUSED_VARIABLE = YES;
				IPHONEOS_DEPLOYMENT_TARGET = 10.0;
				MTL_ENABLE_DEBUG_INFO = NO;
				SDKROOT = iphoneos;
				SWIFT_OPTIMIZATION_LEVEL = "-Owholemodule";
				TARGETED_DEVICE_FAMILY = "1,2";
				VALIDATE_PRODUCT = YES;
			};
			name = Release;
		};
		568DFA8A1D9FF035006CCF26 /* Debug */ = {
			isa = XCBuildConfiguration;
			buildSettings = {
				ASSETCATALOG_COMPILER_APPICON_NAME = AppIcon;
				INFOPLIST_FILE = GhostGab/Info.plist;
				LD_RUNPATH_SEARCH_PATHS = "$(inherited) @executable_path/Frameworks";
				PRODUCT_BUNDLE_IDENTIFIER = com.ghostgossip.GhostGab;
				PRODUCT_NAME = "$(TARGET_NAME)";
				SWIFT_VERSION = 3.0;
			};
			name = Debug;
		};
		568DFA8B1D9FF035006CCF26 /* Release */ = {
			isa = XCBuildConfiguration;
			buildSettings = {
				ASSETCATALOG_COMPILER_APPICON_NAME = AppIcon;
				INFOPLIST_FILE = GhostGab/Info.plist;
				LD_RUNPATH_SEARCH_PATHS = "$(inherited) @executable_path/Frameworks";
				PRODUCT_BUNDLE_IDENTIFIER = com.ghostgossip.GhostGab;
				PRODUCT_NAME = "$(TARGET_NAME)";
				SWIFT_VERSION = 3.0;
			};
			name = Release;
		};
		568DFA8D1D9FF035006CCF26 /* Debug */ = {
			isa = XCBuildConfiguration;
			buildSettings = {
				ALWAYS_EMBED_SWIFT_STANDARD_LIBRARIES = YES;
				BUNDLE_LOADER = "$(TEST_HOST)";
				INFOPLIST_FILE = GhostGabTests/Info.plist;
				LD_RUNPATH_SEARCH_PATHS = "$(inherited) @executable_path/Frameworks @loader_path/Frameworks";
				PRODUCT_BUNDLE_IDENTIFIER = com.ghostgossip.GhostGabTests;
				PRODUCT_NAME = "$(TARGET_NAME)";
				SWIFT_VERSION = 3.0;
				TEST_HOST = "$(BUILT_PRODUCTS_DIR)/GhostGab.app/GhostGab";
			};
			name = Debug;
		};
		568DFA8E1D9FF035006CCF26 /* Release */ = {
			isa = XCBuildConfiguration;
			buildSettings = {
				ALWAYS_EMBED_SWIFT_STANDARD_LIBRARIES = YES;
				BUNDLE_LOADER = "$(TEST_HOST)";
				INFOPLIST_FILE = GhostGabTests/Info.plist;
				LD_RUNPATH_SEARCH_PATHS = "$(inherited) @executable_path/Frameworks @loader_path/Frameworks";
				PRODUCT_BUNDLE_IDENTIFIER = com.ghostgossip.GhostGabTests;
				PRODUCT_NAME = "$(TARGET_NAME)";
				SWIFT_VERSION = 3.0;
				TEST_HOST = "$(BUILT_PRODUCTS_DIR)/GhostGab.app/GhostGab";
			};
			name = Release;
		};
		568DFA901D9FF035006CCF26 /* Debug */ = {
			isa = XCBuildConfiguration;
			buildSettings = {
				ALWAYS_EMBED_SWIFT_STANDARD_LIBRARIES = YES;
				INFOPLIST_FILE = GhostGabUITests/Info.plist;
				LD_RUNPATH_SEARCH_PATHS = "$(inherited) @executable_path/Frameworks @loader_path/Frameworks";
				PRODUCT_BUNDLE_IDENTIFIER = com.ghostgossip.GhostGabUITests;
				PRODUCT_NAME = "$(TARGET_NAME)";
				SWIFT_VERSION = 3.0;
				TEST_TARGET_NAME = GhostGab;
			};
			name = Debug;
		};
		568DFA911D9FF035006CCF26 /* Release */ = {
			isa = XCBuildConfiguration;
			buildSettings = {
				ALWAYS_EMBED_SWIFT_STANDARD_LIBRARIES = YES;
				INFOPLIST_FILE = GhostGabUITests/Info.plist;
				LD_RUNPATH_SEARCH_PATHS = "$(inherited) @executable_path/Frameworks @loader_path/Frameworks";
				PRODUCT_BUNDLE_IDENTIFIER = com.ghostgossip.GhostGabUITests;
				PRODUCT_NAME = "$(TARGET_NAME)";
				SWIFT_VERSION = 3.0;
				TEST_TARGET_NAME = GhostGab;
			};
			name = Release;
		};
/* End XCBuildConfiguration section */

/* Begin XCConfigurationList section */
		568DFA5C1D9FF034006CCF26 /* Build configuration list for PBXProject "GhostGab" */ = {
			isa = XCConfigurationList;
			buildConfigurations = (
				568DFA871D9FF035006CCF26 /* Debug */,
				568DFA881D9FF035006CCF26 /* Release */,
			);
			defaultConfigurationIsVisible = 0;
			defaultConfigurationName = Release;
		};
		568DFA891D9FF035006CCF26 /* Build configuration list for PBXNativeTarget "GhostGab" */ = {
			isa = XCConfigurationList;
			buildConfigurations = (
				568DFA8A1D9FF035006CCF26 /* Debug */,
				568DFA8B1D9FF035006CCF26 /* Release */,
			);
			defaultConfigurationIsVisible = 0;
		};
		568DFA8C1D9FF035006CCF26 /* Build configuration list for PBXNativeTarget "GhostGabTests" */ = {
			isa = XCConfigurationList;
			buildConfigurations = (
				568DFA8D1D9FF035006CCF26 /* Debug */,
				568DFA8E1D9FF035006CCF26 /* Release */,
			);
			defaultConfigurationIsVisible = 0;
		};
		568DFA8F1D9FF035006CCF26 /* Build configuration list for PBXNativeTarget "GhostGabUITests" */ = {
			isa = XCConfigurationList;
			buildConfigurations = (
				568DFA901D9FF035006CCF26 /* Debug */,
				568DFA911D9FF035006CCF26 /* Release */,
			);
			defaultConfigurationIsVisible = 0;
		};
/* End XCConfigurationList section */
	};
	rootObject = 568DFA591D9FF034006CCF26 /* Project object */;
}
