// !$*UTF8*$!
{
	archiveVersion = 1;
	classes = {
	};
	objectVersion = 46;
	objects = {

/* Begin PBXBuildFile section */
		560DA0A61D9FF37100AA3703 /* Color.swift in Sources */ = {isa = PBXBuildFile; fileRef = 560DA0931D9FF37100AA3703 /* Color.swift */; };
		560DA0A71D9FF37100AA3703 /* FBLoadingViewController.swift in Sources */ = {isa = PBXBuildFile; fileRef = 560DA0941D9FF37100AA3703 /* FBLoadingViewController.swift */; };
		560DA0A81D9FF37100AA3703 /* FriendsTableViewCell.swift in Sources */ = {isa = PBXBuildFile; fileRef = 560DA0951D9FF37100AA3703 /* FriendsTableViewCell.swift */; };
		560DA0A91D9FF37100AA3703 /* FriendsViewController.swift in Sources */ = {isa = PBXBuildFile; fileRef = 560DA0961D9FF37100AA3703 /* FriendsViewController.swift */; };
		560DA0AA1D9FF37100AA3703 /* HelperFunctions.swift in Sources */ = {isa = PBXBuildFile; fileRef = 560DA0971D9FF37100AA3703 /* HelperFunctions.swift */; };
		560DA0AB1D9FF37100AA3703 /* loadingAnimation.swift in Sources */ = {isa = PBXBuildFile; fileRef = 560DA0981D9FF37100AA3703 /* loadingAnimation.swift */; };
		560DA0AC1D9FF37100AA3703 /* MainTabBarViewController.swift in Sources */ = {isa = PBXBuildFile; fileRef = 560DA0991D9FF37100AA3703 /* MainTabBarViewController.swift */; };
		560DA0AD1D9FF37100AA3703 /* MyFeedTableViewCell.swift in Sources */ = {isa = PBXBuildFile; fileRef = 560DA09A1D9FF37100AA3703 /* MyFeedTableViewCell.swift */; };
		560DA0AE1D9FF37100AA3703 /* PostCellTableViewCell.swift in Sources */ = {isa = PBXBuildFile; fileRef = 560DA09B1D9FF37100AA3703 /* PostCellTableViewCell.swift */; };
		560DA0AF1D9FF37100AA3703 /* PostModel.swift in Sources */ = {isa = PBXBuildFile; fileRef = 560DA09C1D9FF37100AA3703 /* PostModel.swift */; };
		560DA0B01D9FF37100AA3703 /* PostViewController.swift in Sources */ = {isa = PBXBuildFile; fileRef = 560DA09D1D9FF37100AA3703 /* PostViewController.swift */; };
		560DA0B11D9FF37100AA3703 /* ProfileViewController.swift in Sources */ = {isa = PBXBuildFile; fileRef = 560DA09E1D9FF37100AA3703 /* ProfileViewController.swift */; };
		560DA0B41D9FF37100AA3703 /* SettingsViewController.swift in Sources */ = {isa = PBXBuildFile; fileRef = 560DA0A11D9FF37100AA3703 /* SettingsViewController.swift */; };
		560DA0B51D9FF37100AA3703 /* UICustomization.swift in Sources */ = {isa = PBXBuildFile; fileRef = 560DA0A21D9FF37100AA3703 /* UICustomization.swift */; };
		560DA0B61D9FF37100AA3703 /* UserModel.swift in Sources */ = {isa = PBXBuildFile; fileRef = 560DA0A31D9FF37100AA3703 /* UserModel.swift */; };
		560DA0B71D9FF37100AA3703 /* UserNameAndPhoneNoViewController.swift in Sources */ = {isa = PBXBuildFile; fileRef = 560DA0A41D9FF37100AA3703 /* UserNameAndPhoneNoViewController.swift */; };
		560DA0B81D9FF37100AA3703 /* VerificationViewController.swift in Sources */ = {isa = PBXBuildFile; fileRef = 560DA0A51D9FF37100AA3703 /* VerificationViewController.swift */; };
		560DA0BE1D9FF3ED00AA3703 /* CoreFoundation.framework in Frameworks */ = {isa = PBXBuildFile; fileRef = 560DA0BD1D9FF3ED00AA3703 /* CoreFoundation.framework */; settings = {ATTRIBUTES = (Weak, ); }; };
		560DA0C51D9FF42400AA3703 /* FBSDKCoreKit.framework in Frameworks */ = {isa = PBXBuildFile; fileRef = 560DA0C31D9FF42400AA3703 /* FBSDKCoreKit.framework */; };
		560DA0C81D9FF43600AA3703 /* Bolts.framework in Frameworks */ = {isa = PBXBuildFile; fileRef = 560DA0C71D9FF43600AA3703 /* Bolts.framework */; };
		560DA0CC1D9FF91400AA3703 /* SystemConfiguration.framework in Frameworks */ = {isa = PBXBuildFile; fileRef = 560DA0CB1D9FF91400AA3703 /* SystemConfiguration.framework */; };
		560DA0CE1D9FF92200AA3703 /* libc++.tbd in Frameworks */ = {isa = PBXBuildFile; fileRef = 560DA0CD1D9FF92200AA3703 /* libc++.tbd */; };
		560DA0D01D9FF92C00AA3703 /* libicucore.tbd in Frameworks */ = {isa = PBXBuildFile; fileRef = 560DA0CF1D9FF92C00AA3703 /* libicucore.tbd */; };
		5641A9271DB19D3A00827395 /* SinchVerification.framework in Frameworks */ = {isa = PBXBuildFile; fileRef = 566312E01DAEBEF6008CBB08 /* SinchVerification.framework */; };
		5641A9281DB19D3A00827395 /* SinchVerification.framework in Embed Frameworks */ = {isa = PBXBuildFile; fileRef = 566312E01DAEBEF6008CBB08 /* SinchVerification.framework */; settings = {ATTRIBUTES = (CodeSignOnCopy, RemoveHeadersOnCopy, ); }; };
		566312DB1DADB3AA008CBB08 /* GoogleService-Info.plist in Resources */ = {isa = PBXBuildFile; fileRef = 566312DA1DADB3AA008CBB08 /* GoogleService-Info.plist */; };
		566312E11DAEBEF6008CBB08 /* SinchVerification.framework in Frameworks */ = {isa = PBXBuildFile; fileRef = 566312E01DAEBEF6008CBB08 /* SinchVerification.framework */; settings = {ATTRIBUTES = (Weak, ); }; };
		568DFA651D9FF035006CCF26 /* AppDelegate.swift in Sources */ = {isa = PBXBuildFile; fileRef = 568DFA641D9FF035006CCF26 /* AppDelegate.swift */; };
		568DFA671D9FF035006CCF26 /* ViewController.swift in Sources */ = {isa = PBXBuildFile; fileRef = 568DFA661D9FF035006CCF26 /* ViewController.swift */; };
		568DFA7A1D9FF035006CCF26 /* GhostGabTests.swift in Sources */ = {isa = PBXBuildFile; fileRef = 568DFA791D9FF035006CCF26 /* GhostGabTests.swift */; };
		568DFA851D9FF035006CCF26 /* GhostGabUITests.swift in Sources */ = {isa = PBXBuildFile; fileRef = 568DFA841D9FF035006CCF26 /* GhostGabUITests.swift */; };
		569FFC871DA1A02100E3A236 /* SafariServices.framework in Frameworks */ = {isa = PBXBuildFile; fileRef = 560DA0C11D9FF40C00AA3703 /* SafariServices.framework */; settings = {ATTRIBUTES = (Weak, ); }; };
		569FFC891DA1A02100E3A236 /* Security.framework in Frameworks */ = {isa = PBXBuildFile; fileRef = 560DA0BF1D9FF3F600AA3703 /* Security.framework */; };
		569FFC911DA1A02100E3A236 /* Pods_GhostGab.framework in Frameworks */ = {isa = PBXBuildFile; fileRef = 1292A27126F3A03111A1B89D /* Pods_GhostGab.framework */; settings = {ATTRIBUTES = (Weak, ); }; };
		569FFC9A1DA1A7A200E3A236 /* FBSDKLoginKit.framework in Frameworks */ = {isa = PBXBuildFile; fileRef = 560DA0C41D9FF42400AA3703 /* FBSDKLoginKit.framework */; };
		569FFC9E1DA1A7A200E3A236 /* Foundation.framework in Frameworks */ = {isa = PBXBuildFile; fileRef = 560DA0BB1D9FF3E500AA3703 /* Foundation.framework */; };
		569FFCA01DA1A7A200E3A236 /* UIKit.framework in Frameworks */ = {isa = PBXBuildFile; fileRef = 560DA0B91D9FF3DD00AA3703 /* UIKit.framework */; };
		569FFCA51DA1ABF300E3A236 /* Dashboard.storyboard in Resources */ = {isa = PBXBuildFile; fileRef = 560DA0831D9FF31300AA3703 /* Dashboard.storyboard */; };
		569FFCA61DA1ABF300E3A236 /* Friends.storyboard in Resources */ = {isa = PBXBuildFile; fileRef = 560DA0841D9FF31300AA3703 /* Friends.storyboard */; };
		569FFCA71DA1ABF300E3A236 /* Main.storyboard in Resources */ = {isa = PBXBuildFile; fileRef = 560DA0861D9FF31300AA3703 /* Main.storyboard */; };
		569FFCA81DA1ABF300E3A236 /* Posts.storyboard in Resources */ = {isa = PBXBuildFile; fileRef = 560DA0871D9FF31300AA3703 /* Posts.storyboard */; };
		569FFCA91DA1ABF300E3A236 /* Profile.storyboard in Resources */ = {isa = PBXBuildFile; fileRef = 560DA0881D9FF31300AA3703 /* Profile.storyboard */; };
		569FFCAA1DA1ABF300E3A236 /* Search.storyboard in Resources */ = {isa = PBXBuildFile; fileRef = 560DA0891D9FF31300AA3703 /* Search.storyboard */; };
		569FFCAB1DA1ABFA00E3A236 /* Assets.xcassets in Resources */ = {isa = PBXBuildFile; fileRef = 560DA0911D9FF34F00AA3703 /* Assets.xcassets */; };
		569FFCAC1DA1ABFA00E3A236 /* LaunchScreen.storyboard in Resources */ = {isa = PBXBuildFile; fileRef = 568DFA6D1D9FF035006CCF26 /* LaunchScreen.storyboard */; };
		569FFCAD1DA1AC9F00E3A236 /* Info.plist in Resources */ = {isa = PBXBuildFile; fileRef = 568DFA701D9FF035006CCF26 /* Info.plist */; };
		56FE74401DB3FFE500420778 /* RequestsSuggestionsViewController.swift in Sources */ = {isa = PBXBuildFile; fileRef = 56FE743F1DB3FFE500420778 /* RequestsSuggestionsViewController.swift */; };
		56FE74421DB4003B00420778 /* RequestSuggestionTableViewCell.swift in Sources */ = {isa = PBXBuildFile; fileRef = 56FE74411DB4003B00420778 /* RequestSuggestionTableViewCell.swift */; };
		5F6AB52CD9CE728112F8E470 /* Pods_GhostGabUITests.framework in Frameworks */ = {isa = PBXBuildFile; fileRef = 63F0359C3078910721097A9B /* Pods_GhostGabUITests.framework */; };
		B3C15CF06C4300958C281C7D /* Pods_GhostGabTests.framework in Frameworks */ = {isa = PBXBuildFile; fileRef = 772F34AF980F6EE9F85752ED /* Pods_GhostGabTests.framework */; };
/* End PBXBuildFile section */

/* Begin PBXContainerItemProxy section */
		568DFA761D9FF035006CCF26 /* PBXContainerItemProxy */ = {
			isa = PBXContainerItemProxy;
			containerPortal = 568DFA591D9FF034006CCF26 /* Project object */;
			proxyType = 1;
			remoteGlobalIDString = 568DFA601D9FF034006CCF26;
			remoteInfo = GhostGab;
		};
		568DFA811D9FF035006CCF26 /* PBXContainerItemProxy */ = {
			isa = PBXContainerItemProxy;
			containerPortal = 568DFA591D9FF034006CCF26 /* Project object */;
			proxyType = 1;
			remoteGlobalIDString = 568DFA601D9FF034006CCF26;
			remoteInfo = GhostGab;
		};
/* End PBXContainerItemProxy section */

/* Begin PBXCopyFilesBuildPhase section */
		5641A9291DB19D3B00827395 /* Embed Frameworks */ = {
			isa = PBXCopyFilesBuildPhase;
			buildActionMask = 2147483647;
			dstPath = "";
			dstSubfolderSpec = 10;
			files = (
				5641A9281DB19D3A00827395 /* SinchVerification.framework in Embed Frameworks */,
			);
			name = "Embed Frameworks";
			runOnlyForDeploymentPostprocessing = 0;
		};
/* End PBXCopyFilesBuildPhase section */

/* Begin PBXFileReference section */
		1292A27126F3A03111A1B89D /* Pods_GhostGab.framework */ = {isa = PBXFileReference; explicitFileType = wrapper.framework; includeInIndex = 0; path = Pods_GhostGab.framework; sourceTree = BUILT_PRODUCTS_DIR; };
		560DA0831D9FF31300AA3703 /* Dashboard.storyboard */ = {isa = PBXFileReference; fileEncoding = 4; lastKnownFileType = file.storyboard; path = Dashboard.storyboard; sourceTree = "<group>"; };
		560DA0841D9FF31300AA3703 /* Friends.storyboard */ = {isa = PBXFileReference; fileEncoding = 4; lastKnownFileType = file.storyboard; path = Friends.storyboard; sourceTree = "<group>"; };
		560DA0861D9FF31300AA3703 /* Main.storyboard */ = {isa = PBXFileReference; fileEncoding = 4; lastKnownFileType = file.storyboard; path = Main.storyboard; sourceTree = "<group>"; };
		560DA0871D9FF31300AA3703 /* Posts.storyboard */ = {isa = PBXFileReference; fileEncoding = 4; lastKnownFileType = file.storyboard; path = Posts.storyboard; sourceTree = "<group>"; };
		560DA0881D9FF31300AA3703 /* Profile.storyboard */ = {isa = PBXFileReference; fileEncoding = 4; lastKnownFileType = file.storyboard; path = Profile.storyboard; sourceTree = "<group>"; };
		560DA0891D9FF31300AA3703 /* Search.storyboard */ = {isa = PBXFileReference; fileEncoding = 4; lastKnownFileType = file.storyboard; path = Search.storyboard; sourceTree = "<group>"; };
		560DA0911D9FF34F00AA3703 /* Assets.xcassets */ = {isa = PBXFileReference; lastKnownFileType = folder.assetcatalog; path = Assets.xcassets; sourceTree = "<group>"; };
		560DA0931D9FF37100AA3703 /* Color.swift */ = {isa = PBXFileReference; fileEncoding = 4; lastKnownFileType = sourcecode.swift; path = Color.swift; sourceTree = "<group>"; };
		560DA0941D9FF37100AA3703 /* FBLoadingViewController.swift */ = {isa = PBXFileReference; fileEncoding = 4; lastKnownFileType = sourcecode.swift; path = FBLoadingViewController.swift; sourceTree = "<group>"; };
		560DA0951D9FF37100AA3703 /* FriendsTableViewCell.swift */ = {isa = PBXFileReference; fileEncoding = 4; lastKnownFileType = sourcecode.swift; path = FriendsTableViewCell.swift; sourceTree = "<group>"; };
		560DA0961D9FF37100AA3703 /* FriendsViewController.swift */ = {isa = PBXFileReference; fileEncoding = 4; lastKnownFileType = sourcecode.swift; path = FriendsViewController.swift; sourceTree = "<group>"; };
		560DA0971D9FF37100AA3703 /* HelperFunctions.swift */ = {isa = PBXFileReference; fileEncoding = 4; lastKnownFileType = sourcecode.swift; path = HelperFunctions.swift; sourceTree = "<group>"; };
		560DA0981D9FF37100AA3703 /* loadingAnimation.swift */ = {isa = PBXFileReference; fileEncoding = 4; lastKnownFileType = sourcecode.swift; path = loadingAnimation.swift; sourceTree = "<group>"; };
		560DA0991D9FF37100AA3703 /* MainTabBarViewController.swift */ = {isa = PBXFileReference; fileEncoding = 4; lastKnownFileType = sourcecode.swift; path = MainTabBarViewController.swift; sourceTree = "<group>"; };
		560DA09A1D9FF37100AA3703 /* MyFeedTableViewCell.swift */ = {isa = PBXFileReference; fileEncoding = 4; lastKnownFileType = sourcecode.swift; path = MyFeedTableViewCell.swift; sourceTree = "<group>"; };
		560DA09B1D9FF37100AA3703 /* PostCellTableViewCell.swift */ = {isa = PBXFileReference; fileEncoding = 4; lastKnownFileType = sourcecode.swift; path = PostCellTableViewCell.swift; sourceTree = "<group>"; };
		560DA09C1D9FF37100AA3703 /* PostModel.swift */ = {isa = PBXFileReference; fileEncoding = 4; lastKnownFileType = sourcecode.swift; path = PostModel.swift; sourceTree = "<group>"; };
		560DA09D1D9FF37100AA3703 /* PostViewController.swift */ = {isa = PBXFileReference; fileEncoding = 4; lastKnownFileType = sourcecode.swift; path = PostViewController.swift; sourceTree = "<group>"; };
		560DA09E1D9FF37100AA3703 /* ProfileViewController.swift */ = {isa = PBXFileReference; fileEncoding = 4; lastKnownFileType = sourcecode.swift; path = ProfileViewController.swift; sourceTree = "<group>"; };
		560DA0A11D9FF37100AA3703 /* SettingsViewController.swift */ = {isa = PBXFileReference; fileEncoding = 4; lastKnownFileType = sourcecode.swift; path = SettingsViewController.swift; sourceTree = "<group>"; };
		560DA0A21D9FF37100AA3703 /* UICustomization.swift */ = {isa = PBXFileReference; fileEncoding = 4; lastKnownFileType = sourcecode.swift; path = UICustomization.swift; sourceTree = "<group>"; };
		560DA0A31D9FF37100AA3703 /* UserModel.swift */ = {isa = PBXFileReference; fileEncoding = 4; lastKnownFileType = sourcecode.swift; path = UserModel.swift; sourceTree = "<group>"; };
		560DA0A41D9FF37100AA3703 /* UserNameAndPhoneNoViewController.swift */ = {isa = PBXFileReference; fileEncoding = 4; lastKnownFileType = sourcecode.swift; path = UserNameAndPhoneNoViewController.swift; sourceTree = "<group>"; };
		560DA0A51D9FF37100AA3703 /* VerificationViewController.swift */ = {isa = PBXFileReference; fileEncoding = 4; lastKnownFileType = sourcecode.swift; path = VerificationViewController.swift; sourceTree = "<group>"; };
		560DA0B91D9FF3DD00AA3703 /* UIKit.framework */ = {isa = PBXFileReference; lastKnownFileType = wrapper.framework; name = UIKit.framework; path = System/Library/Frameworks/UIKit.framework; sourceTree = SDKROOT; };
		560DA0BB1D9FF3E500AA3703 /* Foundation.framework */ = {isa = PBXFileReference; lastKnownFileType = wrapper.framework; name = Foundation.framework; path = System/Library/Frameworks/Foundation.framework; sourceTree = SDKROOT; };
		560DA0BD1D9FF3ED00AA3703 /* CoreFoundation.framework */ = {isa = PBXFileReference; lastKnownFileType = wrapper.framework; name = CoreFoundation.framework; path = System/Library/Frameworks/CoreFoundation.framework; sourceTree = SDKROOT; };
		560DA0BF1D9FF3F600AA3703 /* Security.framework */ = {isa = PBXFileReference; lastKnownFileType = wrapper.framework; name = Security.framework; path = System/Library/Frameworks/Security.framework; sourceTree = SDKROOT; };
		560DA0C11D9FF40C00AA3703 /* SafariServices.framework */ = {isa = PBXFileReference; lastKnownFileType = wrapper.framework; name = SafariServices.framework; path = System/Library/Frameworks/SafariServices.framework; sourceTree = SDKROOT; };
		560DA0C31D9FF42400AA3703 /* FBSDKCoreKit.framework */ = {isa = PBXFileReference; lastKnownFileType = wrapper.framework; name = FBSDKCoreKit.framework; path = "FacebookSDKs-iOS-4/FBSDKCoreKit.framework"; sourceTree = "<group>"; };
		560DA0C41D9FF42400AA3703 /* FBSDKLoginKit.framework */ = {isa = PBXFileReference; lastKnownFileType = wrapper.framework; name = FBSDKLoginKit.framework; path = "FacebookSDKs-iOS-4/FBSDKLoginKit.framework"; sourceTree = "<group>"; };
		560DA0C71D9FF43600AA3703 /* Bolts.framework */ = {isa = PBXFileReference; lastKnownFileType = wrapper.framework; name = Bolts.framework; path = "FacebookSDKs-iOS-4/Bolts.framework"; sourceTree = "<group>"; };
		560DA0CB1D9FF91400AA3703 /* SystemConfiguration.framework */ = {isa = PBXFileReference; lastKnownFileType = wrapper.framework; name = SystemConfiguration.framework; path = System/Library/Frameworks/SystemConfiguration.framework; sourceTree = SDKROOT; };
		560DA0CD1D9FF92200AA3703 /* libc++.tbd */ = {isa = PBXFileReference; lastKnownFileType = "sourcecode.text-based-dylib-definition"; name = "libc++.tbd"; path = "usr/lib/libc++.tbd"; sourceTree = SDKROOT; };
		560DA0CF1D9FF92C00AA3703 /* libicucore.tbd */ = {isa = PBXFileReference; lastKnownFileType = "sourcecode.text-based-dylib-definition"; name = libicucore.tbd; path = usr/lib/libicucore.tbd; sourceTree = SDKROOT; };
		566312DA1DADB3AA008CBB08 /* GoogleService-Info.plist */ = {isa = PBXFileReference; fileEncoding = 4; lastKnownFileType = text.plist.xml; path = "GoogleService-Info.plist"; sourceTree = "<group>"; };
		566312E01DAEBEF6008CBB08 /* SinchVerification.framework */ = {isa = PBXFileReference; lastKnownFileType = wrapper.framework; name = SinchVerification.framework; path = "FacebookSDKs-iOS-4/SinchVerification.framework"; sourceTree = "<group>"; };
		568DFA611D9FF035006CCF26 /* GhostGab.app */ = {isa = PBXFileReference; explicitFileType = wrapper.application; includeInIndex = 0; path = GhostGab.app; sourceTree = BUILT_PRODUCTS_DIR; };
		568DFA641D9FF035006CCF26 /* AppDelegate.swift */ = {isa = PBXFileReference; lastKnownFileType = sourcecode.swift; path = AppDelegate.swift; sourceTree = "<group>"; };
		568DFA661D9FF035006CCF26 /* ViewController.swift */ = {isa = PBXFileReference; lastKnownFileType = sourcecode.swift; path = ViewController.swift; sourceTree = "<group>"; };
		568DFA6E1D9FF035006CCF26 /* Base */ = {isa = PBXFileReference; lastKnownFileType = file.storyboard; name = Base; path = Base.lproj/LaunchScreen.storyboard; sourceTree = "<group>"; };
		568DFA701D9FF035006CCF26 /* Info.plist */ = {isa = PBXFileReference; lastKnownFileType = text.plist.xml; path = Info.plist; sourceTree = "<group>"; };
		568DFA751D9FF035006CCF26 /* GhostGabTests.xctest */ = {isa = PBXFileReference; explicitFileType = wrapper.cfbundle; includeInIndex = 0; path = GhostGabTests.xctest; sourceTree = BUILT_PRODUCTS_DIR; };
		568DFA791D9FF035006CCF26 /* GhostGabTests.swift */ = {isa = PBXFileReference; lastKnownFileType = sourcecode.swift; path = GhostGabTests.swift; sourceTree = "<group>"; };
		568DFA7B1D9FF035006CCF26 /* Info.plist */ = {isa = PBXFileReference; lastKnownFileType = text.plist.xml; path = Info.plist; sourceTree = "<group>"; };
		568DFA801D9FF035006CCF26 /* GhostGabUITests.xctest */ = {isa = PBXFileReference; explicitFileType = wrapper.cfbundle; includeInIndex = 0; path = GhostGabUITests.xctest; sourceTree = BUILT_PRODUCTS_DIR; };
		568DFA841D9FF035006CCF26 /* GhostGabUITests.swift */ = {isa = PBXFileReference; lastKnownFileType = sourcecode.swift; path = GhostGabUITests.swift; sourceTree = "<group>"; };
		568DFA861D9FF035006CCF26 /* Info.plist */ = {isa = PBXFileReference; lastKnownFileType = text.plist.xml; path = Info.plist; sourceTree = "<group>"; };
		569FFC971DA1A4CE00E3A236 /* GhostGab.entitlements */ = {isa = PBXFileReference; lastKnownFileType = text.plist.entitlements; path = GhostGab.entitlements; sourceTree = "<group>"; };
		56FE743F1DB3FFE500420778 /* RequestsSuggestionsViewController.swift */ = {isa = PBXFileReference; fileEncoding = 4; lastKnownFileType = sourcecode.swift; path = RequestsSuggestionsViewController.swift; sourceTree = "<group>"; };
		56FE74411DB4003B00420778 /* RequestSuggestionTableViewCell.swift */ = {isa = PBXFileReference; fileEncoding = 4; lastKnownFileType = sourcecode.swift; path = RequestSuggestionTableViewCell.swift; sourceTree = "<group>"; };
		63F0359C3078910721097A9B /* Pods_GhostGabUITests.framework */ = {isa = PBXFileReference; explicitFileType = wrapper.framework; includeInIndex = 0; path = Pods_GhostGabUITests.framework; sourceTree = BUILT_PRODUCTS_DIR; };
		67EB7954FD98414355E43E66 /* Pods-GhostGabUITests.debug.xcconfig */ = {isa = PBXFileReference; includeInIndex = 1; lastKnownFileType = text.xcconfig; name = "Pods-GhostGabUITests.debug.xcconfig"; path = "Pods/Target Support Files/Pods-GhostGabUITests/Pods-GhostGabUITests.debug.xcconfig"; sourceTree = "<group>"; };
		772F34AF980F6EE9F85752ED /* Pods_GhostGabTests.framework */ = {isa = PBXFileReference; explicitFileType = wrapper.framework; includeInIndex = 0; path = Pods_GhostGabTests.framework; sourceTree = BUILT_PRODUCTS_DIR; };
		7E7662F52600F62FFA8AB756 /* Pods-GhostGabUITests.release.xcconfig */ = {isa = PBXFileReference; includeInIndex = 1; lastKnownFileType = text.xcconfig; name = "Pods-GhostGabUITests.release.xcconfig"; path = "Pods/Target Support Files/Pods-GhostGabUITests/Pods-GhostGabUITests.release.xcconfig"; sourceTree = "<group>"; };
		84590EBE789A98AB7552C2FC /* Pods-GhostGabTests.release.xcconfig */ = {isa = PBXFileReference; includeInIndex = 1; lastKnownFileType = text.xcconfig; name = "Pods-GhostGabTests.release.xcconfig"; path = "Pods/Target Support Files/Pods-GhostGabTests/Pods-GhostGabTests.release.xcconfig"; sourceTree = "<group>"; };
		8DA8FAE2BC3C345A645B424B /* Pods-GhostGab.debug.xcconfig */ = {isa = PBXFileReference; includeInIndex = 1; lastKnownFileType = text.xcconfig; name = "Pods-GhostGab.debug.xcconfig"; path = "Pods/Target Support Files/Pods-GhostGab/Pods-GhostGab.debug.xcconfig"; sourceTree = "<group>"; };
		E383060711D340231E7087F4 /* Pods-GhostGabTests.debug.xcconfig */ = {isa = PBXFileReference; includeInIndex = 1; lastKnownFileType = text.xcconfig; name = "Pods-GhostGabTests.debug.xcconfig"; path = "Pods/Target Support Files/Pods-GhostGabTests/Pods-GhostGabTests.debug.xcconfig"; sourceTree = "<group>"; };
		F51CA3A073C6B311589EDCF6 /* Pods-GhostGab.release.xcconfig */ = {isa = PBXFileReference; includeInIndex = 1; lastKnownFileType = text.xcconfig; name = "Pods-GhostGab.release.xcconfig"; path = "Pods/Target Support Files/Pods-GhostGab/Pods-GhostGab.release.xcconfig"; sourceTree = "<group>"; };
/* End PBXFileReference section */

/* Begin PBXFrameworksBuildPhase section */
		568DFA5E1D9FF034006CCF26 /* Frameworks */ = {
			isa = PBXFrameworksBuildPhase;
			buildActionMask = 2147483647;
			files = (
				560DA0D01D9FF92C00AA3703 /* libicucore.tbd in Frameworks */,
				569FFCA01DA1A7A200E3A236 /* UIKit.framework in Frameworks */,
				560DA0CE1D9FF92200AA3703 /* libc++.tbd in Frameworks */,
				569FFC9E1DA1A7A200E3A236 /* Foundation.framework in Frameworks */,
				569FFC9A1DA1A7A200E3A236 /* FBSDKLoginKit.framework in Frameworks */,
				566312E11DAEBEF6008CBB08 /* SinchVerification.framework in Frameworks */,
				560DA0CC1D9FF91400AA3703 /* SystemConfiguration.framework in Frameworks */,
				560DA0C81D9FF43600AA3703 /* Bolts.framework in Frameworks */,
				560DA0C51D9FF42400AA3703 /* FBSDKCoreKit.framework in Frameworks */,
				569FFC891DA1A02100E3A236 /* Security.framework in Frameworks */,
				569FFC871DA1A02100E3A236 /* SafariServices.framework in Frameworks */,
				569FFC911DA1A02100E3A236 /* Pods_GhostGab.framework in Frameworks */,
				560DA0BE1D9FF3ED00AA3703 /* CoreFoundation.framework in Frameworks */,
				5641A9271DB19D3A00827395 /* SinchVerification.framework in Frameworks */,
			);
			runOnlyForDeploymentPostprocessing = 0;
		};
		568DFA721D9FF035006CCF26 /* Frameworks */ = {
			isa = PBXFrameworksBuildPhase;
			buildActionMask = 2147483647;
			files = (
				B3C15CF06C4300958C281C7D /* Pods_GhostGabTests.framework in Frameworks */,
			);
			runOnlyForDeploymentPostprocessing = 0;
		};
		568DFA7D1D9FF035006CCF26 /* Frameworks */ = {
			isa = PBXFrameworksBuildPhase;
			buildActionMask = 2147483647;
			files = (
				5F6AB52CD9CE728112F8E470 /* Pods_GhostGabUITests.framework in Frameworks */,
			);
			runOnlyForDeploymentPostprocessing = 0;
		};
/* End PBXFrameworksBuildPhase section */

/* Begin PBXGroup section */
		2CA7485E80E36936B1565E51 /* Pods */ = {
			isa = PBXGroup;
			children = (
				8DA8FAE2BC3C345A645B424B /* Pods-GhostGab.debug.xcconfig */,
				F51CA3A073C6B311589EDCF6 /* Pods-GhostGab.release.xcconfig */,
				E383060711D340231E7087F4 /* Pods-GhostGabTests.debug.xcconfig */,
				84590EBE789A98AB7552C2FC /* Pods-GhostGabTests.release.xcconfig */,
				67EB7954FD98414355E43E66 /* Pods-GhostGabUITests.debug.xcconfig */,
				7E7662F52600F62FFA8AB756 /* Pods-GhostGabUITests.release.xcconfig */,
			);
			name = Pods;
			sourceTree = "<group>";
		};
		568DFA581D9FF034006CCF26 = {
			isa = PBXGroup;
			children = (
				568DFA631D9FF035006CCF26 /* GhostGab */,
				568DFA781D9FF035006CCF26 /* GhostGabTests */,
				568DFA831D9FF035006CCF26 /* GhostGabUITests */,
				568DFA621D9FF035006CCF26 /* Products */,
				2CA7485E80E36936B1565E51 /* Pods */,
				D93A103B87723B1DBF0781F9 /* Frameworks */,
			);
			sourceTree = "<group>";
		};
		568DFA621D9FF035006CCF26 /* Products */ = {
			isa = PBXGroup;
			children = (
				568DFA611D9FF035006CCF26 /* GhostGab.app */,
				568DFA751D9FF035006CCF26 /* GhostGabTests.xctest */,
				568DFA801D9FF035006CCF26 /* GhostGabUITests.xctest */,
			);
			name = Products;
			sourceTree = "<group>";
		};
		568DFA631D9FF035006CCF26 /* GhostGab */ = {
			isa = PBXGroup;
			children = (
				569FFC971DA1A4CE00E3A236 /* GhostGab.entitlements */,
				568DFA701D9FF035006CCF26 /* Info.plist */,
				566312DA1DADB3AA008CBB08 /* GoogleService-Info.plist */,
				560DA0831D9FF31300AA3703 /* Dashboard.storyboard */,
				560DA0841D9FF31300AA3703 /* Friends.storyboard */,
				560DA0861D9FF31300AA3703 /* Main.storyboard */,
				560DA0871D9FF31300AA3703 /* Posts.storyboard */,
				560DA0881D9FF31300AA3703 /* Profile.storyboard */,
				560DA0891D9FF31300AA3703 /* Search.storyboard */,
				568DFA641D9FF035006CCF26 /* AppDelegate.swift */,
				560DA0931D9FF37100AA3703 /* Color.swift */,
				560DA0941D9FF37100AA3703 /* FBLoadingViewController.swift */,
				560DA0951D9FF37100AA3703 /* FriendsTableViewCell.swift */,
				560DA0961D9FF37100AA3703 /* FriendsViewController.swift */,
				560DA0971D9FF37100AA3703 /* HelperFunctions.swift */,
				560DA0981D9FF37100AA3703 /* loadingAnimation.swift */,
				560DA0991D9FF37100AA3703 /* MainTabBarViewController.swift */,
				560DA09A1D9FF37100AA3703 /* MyFeedTableViewCell.swift */,
				560DA09B1D9FF37100AA3703 /* PostCellTableViewCell.swift */,
				560DA09C1D9FF37100AA3703 /* PostModel.swift */,
				560DA09D1D9FF37100AA3703 /* PostViewController.swift */,
				560DA09E1D9FF37100AA3703 /* ProfileViewController.swift */,
				56FE743F1DB3FFE500420778 /* RequestsSuggestionsViewController.swift */,
				56FE74411DB4003B00420778 /* RequestSuggestionTableViewCell.swift */,
				560DA0A11D9FF37100AA3703 /* SettingsViewController.swift */,
				560DA0A21D9FF37100AA3703 /* UICustomization.swift */,
				560DA0A31D9FF37100AA3703 /* UserModel.swift */,
				560DA0A41D9FF37100AA3703 /* UserNameAndPhoneNoViewController.swift */,
				560DA0A51D9FF37100AA3703 /* VerificationViewController.swift */,
				568DFA661D9FF035006CCF26 /* ViewController.swift */,
				560DA0911D9FF34F00AA3703 /* Assets.xcassets */,
				568DFA6D1D9FF035006CCF26 /* LaunchScreen.storyboard */,
			);
			path = GhostGab;
			sourceTree = "<group>";
		};
		568DFA781D9FF035006CCF26 /* GhostGabTests */ = {
			isa = PBXGroup;
			children = (
				568DFA791D9FF035006CCF26 /* GhostGabTests.swift */,
				568DFA7B1D9FF035006CCF26 /* Info.plist */,
			);
			path = GhostGabTests;
			sourceTree = "<group>";
		};
		568DFA831D9FF035006CCF26 /* GhostGabUITests */ = {
			isa = PBXGroup;
			children = (
				568DFA841D9FF035006CCF26 /* GhostGabUITests.swift */,
				568DFA861D9FF035006CCF26 /* Info.plist */,
			);
			path = GhostGabUITests;
			sourceTree = "<group>";
		};
		D93A103B87723B1DBF0781F9 /* Frameworks */ = {
			isa = PBXGroup;
			children = (
				560DA0CF1D9FF92C00AA3703 /* libicucore.tbd */,
				560DA0CD1D9FF92200AA3703 /* libc++.tbd */,
				566312E01DAEBEF6008CBB08 /* SinchVerification.framework */,
				560DA0CB1D9FF91400AA3703 /* SystemConfiguration.framework */,
				560DA0C71D9FF43600AA3703 /* Bolts.framework */,
				560DA0C31D9FF42400AA3703 /* FBSDKCoreKit.framework */,
				560DA0C41D9FF42400AA3703 /* FBSDKLoginKit.framework */,
				560DA0C11D9FF40C00AA3703 /* SafariServices.framework */,
				560DA0BF1D9FF3F600AA3703 /* Security.framework */,
				560DA0BD1D9FF3ED00AA3703 /* CoreFoundation.framework */,
				560DA0BB1D9FF3E500AA3703 /* Foundation.framework */,
				560DA0B91D9FF3DD00AA3703 /* UIKit.framework */,
				1292A27126F3A03111A1B89D /* Pods_GhostGab.framework */,
				772F34AF980F6EE9F85752ED /* Pods_GhostGabTests.framework */,
				63F0359C3078910721097A9B /* Pods_GhostGabUITests.framework */,
			);
			name = Frameworks;
			sourceTree = "<group>";
		};
/* End PBXGroup section */

/* Begin PBXNativeTarget section */
		568DFA601D9FF034006CCF26 /* GhostGab */ = {
			isa = PBXNativeTarget;
			buildConfigurationList = 568DFA891D9FF035006CCF26 /* Build configuration list for PBXNativeTarget "GhostGab" */;
			buildPhases = (
				F742555E06245C747B5FE85F /* [CP] Check Pods Manifest.lock */,
				568DFA5D1D9FF034006CCF26 /* Sources */,
				568DFA5E1D9FF034006CCF26 /* Frameworks */,
				568DFA5F1D9FF034006CCF26 /* Resources */,
				E52306611AA2BFE2D5D11F48 /* [CP] Embed Pods Frameworks */,
				F1588B7D2D3B1F41B615264D /* [CP] Copy Pods Resources */,
				5641A9291DB19D3B00827395 /* Embed Frameworks */,
			);
			buildRules = (
			);
			dependencies = (
			);
			name = GhostGab;
			productName = GhostGab;
			productReference = 568DFA611D9FF035006CCF26 /* GhostGab.app */;
			productType = "com.apple.product-type.application";
		};
		568DFA741D9FF035006CCF26 /* GhostGabTests */ = {
			isa = PBXNativeTarget;
			buildConfigurationList = 568DFA8C1D9FF035006CCF26 /* Build configuration list for PBXNativeTarget "GhostGabTests" */;
			buildPhases = (
				2FC64C81FC4CA81C79F060C4 /* [CP] Check Pods Manifest.lock */,
				568DFA711D9FF035006CCF26 /* Sources */,
				568DFA721D9FF035006CCF26 /* Frameworks */,
				568DFA731D9FF035006CCF26 /* Resources */,
				074282EA505BA8700D181F41 /* [CP] Embed Pods Frameworks */,
				AFBE85EF06384FB00D792A16 /* [CP] Copy Pods Resources */,
			);
			buildRules = (
			);
			dependencies = (
				568DFA771D9FF035006CCF26 /* PBXTargetDependency */,
			);
			name = GhostGabTests;
			productName = GhostGabTests;
			productReference = 568DFA751D9FF035006CCF26 /* GhostGabTests.xctest */;
			productType = "com.apple.product-type.bundle.unit-test";
		};
		568DFA7F1D9FF035006CCF26 /* GhostGabUITests */ = {
			isa = PBXNativeTarget;
			buildConfigurationList = 568DFA8F1D9FF035006CCF26 /* Build configuration list for PBXNativeTarget "GhostGabUITests" */;
			buildPhases = (
				66513877106906096547571E /* [CP] Check Pods Manifest.lock */,
				568DFA7C1D9FF035006CCF26 /* Sources */,
				568DFA7D1D9FF035006CCF26 /* Frameworks */,
				568DFA7E1D9FF035006CCF26 /* Resources */,
				5ED4AEF45F2307B7150BE685 /* [CP] Copy Pods Resources */,
			);
			buildRules = (
			);
			dependencies = (
				568DFA821D9FF035006CCF26 /* PBXTargetDependency */,
			);
			name = GhostGabUITests;
			productName = GhostGabUITests;
			productReference = 568DFA801D9FF035006CCF26 /* GhostGabUITests.xctest */;
			productType = "com.apple.product-type.bundle.ui-testing";
		};
/* End PBXNativeTarget section */

/* Begin PBXProject section */
		568DFA591D9FF034006CCF26 /* Project object */ = {
			isa = PBXProject;
			attributes = {
				LastSwiftUpdateCheck = 0800;
				LastUpgradeCheck = 0800;
				ORGANIZATIONNAME = "Sruthin Gaddam";
				TargetAttributes = {
					568DFA601D9FF034006CCF26 = {
						CreatedOnToolsVersion = 8.0;
						DevelopmentTeam = 7Z67VMB4ND;
						ProvisioningStyle = Automatic;
						SystemCapabilities = {
							com.apple.Keychain = {
								enabled = 1;
							};
						};
					};
					568DFA741D9FF035006CCF26 = {
						CreatedOnToolsVersion = 8.0;
						ProvisioningStyle = Automatic;
						TestTargetID = 568DFA601D9FF034006CCF26;
					};
					568DFA7F1D9FF035006CCF26 = {
						CreatedOnToolsVersion = 8.0;
						ProvisioningStyle = Automatic;
						TestTargetID = 568DFA601D9FF034006CCF26;
					};
				};
			};
			buildConfigurationList = 568DFA5C1D9FF034006CCF26 /* Build configuration list for PBXProject "GhostGab" */;
			compatibilityVersion = "Xcode 3.2";
			developmentRegion = English;
			hasScannedForEncodings = 0;
			knownRegions = (
				en,
				Base,
			);
			mainGroup = 568DFA581D9FF034006CCF26;
			productRefGroup = 568DFA621D9FF035006CCF26 /* Products */;
			projectDirPath = "";
			projectRoot = "";
			targets = (
				568DFA601D9FF034006CCF26 /* GhostGab */,
				568DFA741D9FF035006CCF26 /* GhostGabTests */,
				568DFA7F1D9FF035006CCF26 /* GhostGabUITests */,
			);
		};
/* End PBXProject section */

/* Begin PBXResourcesBuildPhase section */
		568DFA5F1D9FF034006CCF26 /* Resources */ = {
			isa = PBXResourcesBuildPhase;
			buildActionMask = 2147483647;
			files = (
				569FFCAD1DA1AC9F00E3A236 /* Info.plist in Resources */,
				566312DB1DADB3AA008CBB08 /* GoogleService-Info.plist in Resources */,
				569FFCAB1DA1ABFA00E3A236 /* Assets.xcassets in Resources */,
				569FFCAC1DA1ABFA00E3A236 /* LaunchScreen.storyboard in Resources */,
				569FFCA51DA1ABF300E3A236 /* Dashboard.storyboard in Resources */,
				569FFCA61DA1ABF300E3A236 /* Friends.storyboard in Resources */,
				569FFCA71DA1ABF300E3A236 /* Main.storyboard in Resources */,
				569FFCA81DA1ABF300E3A236 /* Posts.storyboard in Resources */,
				569FFCA91DA1ABF300E3A236 /* Profile.storyboard in Resources */,
				569FFCAA1DA1ABF300E3A236 /* Search.storyboard in Resources */,
			);
			runOnlyForDeploymentPostprocessing = 0;
		};
		568DFA731D9FF035006CCF26 /* Resources */ = {
			isa = PBXResourcesBuildPhase;
			buildActionMask = 2147483647;
			files = (
			);
			runOnlyForDeploymentPostprocessing = 0;
		};
		568DFA7E1D9FF035006CCF26 /* Resources */ = {
			isa = PBXResourcesBuildPhase;
			buildActionMask = 2147483647;
			files = (
			);
			runOnlyForDeploymentPostprocessing = 0;
		};
/* End PBXResourcesBuildPhase section */

/* Begin PBXShellScriptBuildPhase section */
		074282EA505BA8700D181F41 /* [CP] Embed Pods Frameworks */ = {
			isa = PBXShellScriptBuildPhase;
			buildActionMask = 2147483647;
			files = (
			);
			inputPaths = (
			);
			name = "[CP] Embed Pods Frameworks";
			outputPaths = (
			);
			runOnlyForDeploymentPostprocessing = 0;
			shellPath = /bin/sh;
			shellScript = "\"${SRCROOT}/Pods/Target Support Files/Pods-GhostGabTests/Pods-GhostGabTests-frameworks.sh\"\n";
			showEnvVarsInLog = 0;
		};
		2FC64C81FC4CA81C79F060C4 /* [CP] Check Pods Manifest.lock */ = {
			isa = PBXShellScriptBuildPhase;
			buildActionMask = 2147483647;
			files = (
			);
			inputPaths = (
			);
			name = "[CP] Check Pods Manifest.lock";
			outputPaths = (
			);
			runOnlyForDeploymentPostprocessing = 0;
			shellPath = /bin/sh;
			shellScript = "diff \"${PODS_ROOT}/../Podfile.lock\" \"${PODS_ROOT}/Manifest.lock\" > /dev/null\nif [[ $? != 0 ]] ; then\n    cat << EOM\nerror: The sandbox is not in sync with the Podfile.lock. Run 'pod install' or update your CocoaPods installation.\nEOM\n    exit 1\nfi\n";
			showEnvVarsInLog = 0;
		};
		5ED4AEF45F2307B7150BE685 /* [CP] Copy Pods Resources */ = {
			isa = PBXShellScriptBuildPhase;
			buildActionMask = 2147483647;
			files = (
			);
			inputPaths = (
			);
			name = "[CP] Copy Pods Resources";
			outputPaths = (
			);
			runOnlyForDeploymentPostprocessing = 0;
			shellPath = /bin/sh;
			shellScript = "\"${SRCROOT}/Pods/Target Support Files/Pods-GhostGabUITests/Pods-GhostGabUITests-resources.sh\"\n";
			showEnvVarsInLog = 0;
		};
		66513877106906096547571E /* [CP] Check Pods Manifest.lock */ = {
			isa = PBXShellScriptBuildPhase;
			buildActionMask = 2147483647;
			files = (
			);
			inputPaths = (
			);
			name = "[CP] Check Pods Manifest.lock";
			outputPaths = (
			);
			runOnlyForDeploymentPostprocessing = 0;
			shellPath = /bin/sh;
			shellScript = "diff \"${PODS_ROOT}/../Podfile.lock\" \"${PODS_ROOT}/Manifest.lock\" > /dev/null\nif [[ $? != 0 ]] ; then\n    cat << EOM\nerror: The sandbox is not in sync with the Podfile.lock. Run 'pod install' or update your CocoaPods installation.\nEOM\n    exit 1\nfi\n";
			showEnvVarsInLog = 0;
		};
		AFBE85EF06384FB00D792A16 /* [CP] Copy Pods Resources */ = {
			isa = PBXShellScriptBuildPhase;
			buildActionMask = 2147483647;
			files = (
			);
			inputPaths = (
			);
			name = "[CP] Copy Pods Resources";
			outputPaths = (
			);
			runOnlyForDeploymentPostprocessing = 0;
			shellPath = /bin/sh;
			shellScript = "\"${SRCROOT}/Pods/Target Support Files/Pods-GhostGabTests/Pods-GhostGabTests-resources.sh\"\n";
			showEnvVarsInLog = 0;
		};
		E52306611AA2BFE2D5D11F48 /* [CP] Embed Pods Frameworks */ = {
			isa = PBXShellScriptBuildPhase;
			buildActionMask = 2147483647;
			files = (
			);
			inputPaths = (
			);
			name = "[CP] Embed Pods Frameworks";
			outputPaths = (
			);
			runOnlyForDeploymentPostprocessing = 0;
			shellPath = /bin/sh;
			shellScript = "\"${SRCROOT}/Pods/Target Support Files/Pods-GhostGab/Pods-GhostGab-frameworks.sh\"\n";
			showEnvVarsInLog = 0;
		};
		F1588B7D2D3B1F41B615264D /* [CP] Copy Pods Resources */ = {
			isa = PBXShellScriptBuildPhase;
			buildActionMask = 2147483647;
			files = (
			);
			inputPaths = (
			);
			name = "[CP] Copy Pods Resources";
			outputPaths = (
			);
			runOnlyForDeploymentPostprocessing = 0;
			shellPath = /bin/sh;
			shellScript = "\"${SRCROOT}/Pods/Target Support Files/Pods-GhostGab/Pods-GhostGab-resources.sh\"\n";
			showEnvVarsInLog = 0;
		};
		F742555E06245C747B5FE85F /* [CP] Check Pods Manifest.lock */ = {
			isa = PBXShellScriptBuildPhase;
			buildActionMask = 2147483647;
			files = (
			);
			inputPaths = (
			);
			name = "[CP] Check Pods Manifest.lock";
			outputPaths = (
			);
			runOnlyForDeploymentPostprocessing = 0;
			shellPath = /bin/sh;
			shellScript = "diff \"${PODS_ROOT}/../Podfile.lock\" \"${PODS_ROOT}/Manifest.lock\" > /dev/null\nif [[ $? != 0 ]] ; then\n    cat << EOM\nerror: The sandbox is not in sync with the Podfile.lock. Run 'pod install' or update your CocoaPods installation.\nEOM\n    exit 1\nfi\n";
			showEnvVarsInLog = 0;
		};
/* End PBXShellScriptBuildPhase section */

/* Begin PBXSourcesBuildPhase section */
		568DFA5D1D9FF034006CCF26 /* Sources */ = {
			isa = PBXSourcesBuildPhase;
			buildActionMask = 2147483647;
			files = (
				560DA0AA1D9FF37100AA3703 /* HelperFunctions.swift in Sources */,
				560DA0AF1D9FF37100AA3703 /* PostModel.swift in Sources */,
				568DFA671D9FF035006CCF26 /* ViewController.swift in Sources */,
				560DA0B01D9FF37100AA3703 /* PostViewController.swift in Sources */,
				560DA0B11D9FF37100AA3703 /* ProfileViewController.swift in Sources */,
				56FE74421DB4003B00420778 /* RequestSuggestionTableViewCell.swift in Sources */,
				560DA0A71D9FF37100AA3703 /* FBLoadingViewController.swift in Sources */,
				560DA0AD1D9FF37100AA3703 /* MyFeedTableViewCell.swift in Sources */,
				560DA0B51D9FF37100AA3703 /* UICustomization.swift in Sources */,
				560DA0AC1D9FF37100AA3703 /* MainTabBarViewController.swift in Sources */,
				568DFA651D9FF035006CCF26 /* AppDelegate.swift in Sources */,
				560DA0A81D9FF37100AA3703 /* FriendsTableViewCell.swift in Sources */,
				560DA0B81D9FF37100AA3703 /* VerificationViewController.swift in Sources */,
				560DA0AE1D9FF37100AA3703 /* PostCellTableViewCell.swift in Sources */,
				560DA0B41D9FF37100AA3703 /* SettingsViewController.swift in Sources */,
				560DA0B71D9FF37100AA3703 /* UserNameAndPhoneNoViewController.swift in Sources */,
				560DA0A91D9FF37100AA3703 /* FriendsViewController.swift in Sources */,
				560DA0B61D9FF37100AA3703 /* UserModel.swift in Sources */,
				56FE74401DB3FFE500420778 /* RequestsSuggestionsViewController.swift in Sources */,
				560DA0A61D9FF37100AA3703 /* Color.swift in Sources */,
				560DA0AB1D9FF37100AA3703 /* loadingAnimation.swift in Sources */,
			);
			runOnlyForDeploymentPostprocessing = 0;
		};
		568DFA711D9FF035006CCF26 /* Sources */ = {
			isa = PBXSourcesBuildPhase;
			buildActionMask = 2147483647;
			files = (
				568DFA7A1D9FF035006CCF26 /* GhostGabTests.swift in Sources */,
			);
			runOnlyForDeploymentPostprocessing = 0;
		};
		568DFA7C1D9FF035006CCF26 /* Sources */ = {
			isa = PBXSourcesBuildPhase;
			buildActionMask = 2147483647;
			files = (
				568DFA851D9FF035006CCF26 /* GhostGabUITests.swift in Sources */,
			);
			runOnlyForDeploymentPostprocessing = 0;
		};
/* End PBXSourcesBuildPhase section */

/* Begin PBXTargetDependency section */
		568DFA771D9FF035006CCF26 /* PBXTargetDependency */ = {
			isa = PBXTargetDependency;
			target = 568DFA601D9FF034006CCF26 /* GhostGab */;
			targetProxy = 568DFA761D9FF035006CCF26 /* PBXContainerItemProxy */;
		};
		568DFA821D9FF035006CCF26 /* PBXTargetDependency */ = {
			isa = PBXTargetDependency;
			target = 568DFA601D9FF034006CCF26 /* GhostGab */;
			targetProxy = 568DFA811D9FF035006CCF26 /* PBXContainerItemProxy */;
		};
/* End PBXTargetDependency section */

/* Begin PBXVariantGroup section */
		568DFA6D1D9FF035006CCF26 /* LaunchScreen.storyboard */ = {
			isa = PBXVariantGroup;
			children = (
				568DFA6E1D9FF035006CCF26 /* Base */,
			);
			name = LaunchScreen.storyboard;
			sourceTree = "<group>";
		};
/* End PBXVariantGroup section */

/* Begin XCBuildConfiguration section */
		568DFA871D9FF035006CCF26 /* Debug */ = {
			isa = XCBuildConfiguration;
			buildSettings = {
				ALWAYS_SEARCH_USER_PATHS = NO;
				CLANG_ANALYZER_NONNULL = YES;
				CLANG_CXX_LANGUAGE_STANDARD = "gnu++0x";
				CLANG_CXX_LIBRARY = "libc++";
				CLANG_ENABLE_MODULES = YES;
				CLANG_ENABLE_OBJC_ARC = YES;
				CLANG_WARN_BOOL_CONVERSION = YES;
				CLANG_WARN_CONSTANT_CONVERSION = YES;
				CLANG_WARN_DIRECT_OBJC_ISA_USAGE = YES_ERROR;
				CLANG_WARN_DOCUMENTATION_COMMENTS = YES;
				CLANG_WARN_EMPTY_BODY = YES;
				CLANG_WARN_ENUM_CONVERSION = YES;
				CLANG_WARN_INFINITE_RECURSION = YES;
				CLANG_WARN_INT_CONVERSION = YES;
				CLANG_WARN_OBJC_ROOT_CLASS = YES_ERROR;
				CLANG_WARN_SUSPICIOUS_MOVES = YES;
				CLANG_WARN_UNREACHABLE_CODE = YES;
				CLANG_WARN__DUPLICATE_METHOD_MATCH = YES;
				"CODE_SIGN_IDENTITY[sdk=iphoneos*]" = "iPhone Developer";
				COPY_PHASE_STRIP = NO;
				DEBUG_INFORMATION_FORMAT = dwarf;
				ENABLE_STRICT_OBJC_MSGSEND = YES;
				ENABLE_TESTABILITY = YES;
				GCC_C_LANGUAGE_STANDARD = gnu99;
				GCC_DYNAMIC_NO_PIC = NO;
				GCC_NO_COMMON_BLOCKS = YES;
				GCC_OPTIMIZATION_LEVEL = 0;
				GCC_PREPROCESSOR_DEFINITIONS = (
					"DEBUG=1",
					"$(inherited)",
				);
				GCC_WARN_64_TO_32_BIT_CONVERSION = YES;
				GCC_WARN_ABOUT_RETURN_TYPE = YES_ERROR;
				GCC_WARN_UNDECLARED_SELECTOR = YES;
				GCC_WARN_UNINITIALIZED_AUTOS = YES_AGGRESSIVE;
				GCC_WARN_UNUSED_FUNCTION = YES;
				GCC_WARN_UNUSED_VARIABLE = YES;
				IPHONEOS_DEPLOYMENT_TARGET = 10.0;
				MTL_ENABLE_DEBUG_INFO = YES;
				ONLY_ACTIVE_ARCH = YES;
				SDKROOT = iphoneos;
				SWIFT_ACTIVE_COMPILATION_CONDITIONS = DEBUG;
				SWIFT_OPTIMIZATION_LEVEL = "-Onone";
				TARGETED_DEVICE_FAMILY = "1,2";
			};
			name = Debug;
		};
		568DFA881D9FF035006CCF26 /* Release */ = {
			isa = XCBuildConfiguration;
			buildSettings = {
				ALWAYS_SEARCH_USER_PATHS = NO;
				CLANG_ANALYZER_NONNULL = YES;
				CLANG_CXX_LANGUAGE_STANDARD = "gnu++0x";
				CLANG_CXX_LIBRARY = "libc++";
				CLANG_ENABLE_MODULES = YES;
				CLANG_ENABLE_OBJC_ARC = YES;
				CLANG_WARN_BOOL_CONVERSION = YES;
				CLANG_WARN_CONSTANT_CONVERSION = YES;
				CLANG_WARN_DIRECT_OBJC_ISA_USAGE = YES_ERROR;
				CLANG_WARN_DOCUMENTATION_COMMENTS = YES;
				CLANG_WARN_EMPTY_BODY = YES;
				CLANG_WARN_ENUM_CONVERSION = YES;
				CLANG_WARN_INFINITE_RECURSION = YES;
				CLANG_WARN_INT_CONVERSION = YES;
				CLANG_WARN_OBJC_ROOT_CLASS = YES_ERROR;
				CLANG_WARN_SUSPICIOUS_MOVES = YES;
				CLANG_WARN_UNREACHABLE_CODE = YES;
				CLANG_WARN__DUPLICATE_METHOD_MATCH = YES;
				"CODE_SIGN_IDENTITY[sdk=iphoneos*]" = "iPhone Developer";
				COPY_PHASE_STRIP = NO;
				DEBUG_INFORMATION_FORMAT = "dwarf-with-dsym";
				ENABLE_NS_ASSERTIONS = NO;
				ENABLE_STRICT_OBJC_MSGSEND = YES;
				GCC_C_LANGUAGE_STANDARD = gnu99;
				GCC_NO_COMMON_BLOCKS = YES;
				GCC_WARN_64_TO_32_BIT_CONVERSION = YES;
				GCC_WARN_ABOUT_RETURN_TYPE = YES_ERROR;
				GCC_WARN_UNDECLARED_SELECTOR = YES;
				GCC_WARN_UNINITIALIZED_AUTOS = YES_AGGRESSIVE;
				GCC_WARN_UNUSED_FUNCTION = YES;
				GCC_WARN_UNUSED_VARIABLE = YES;
				IPHONEOS_DEPLOYMENT_TARGET = 10.0;
				MTL_ENABLE_DEBUG_INFO = NO;
				SDKROOT = iphoneos;
				SWIFT_OPTIMIZATION_LEVEL = "-Owholemodule";
				TARGETED_DEVICE_FAMILY = "1,2";
				VALIDATE_PRODUCT = YES;
			};
			name = Release;
		};
		568DFA8A1D9FF035006CCF26 /* Debug */ = {
			isa = XCBuildConfiguration;
			baseConfigurationReference = 8DA8FAE2BC3C345A645B424B /* Pods-GhostGab.debug.xcconfig */;
			buildSettings = {
				ALWAYS_EMBED_SWIFT_STANDARD_LIBRARIES = YES;
				ASSETCATALOG_COMPILER_APPICON_NAME = AppIcon;
				CODE_SIGN_ENTITLEMENTS = GhostGab/GhostGab.entitlements;
				DEVELOPMENT_TEAM = 7Z67VMB4ND;
				FRAMEWORK_SEARCH_PATHS = (
					"$(inherited)",
					"$(PROJECT_DIR)/FacebookSDKs-iOS-4",
					"$(PROJECT_DIR)",
					"$(PROJECT_DIR)/SinchVerification/swift",
				);
				GCC_GENERATE_TEST_COVERAGE_FILES = NO;
				INFOPLIST_FILE = GhostGab/Info.plist;
				IPHONEOS_DEPLOYMENT_TARGET = 10.0;
				LD_RUNPATH_SEARCH_PATHS = "$(inherited) @executable_path/Frameworks";
				LIBRARY_SEARCH_PATHS = "";
				PRODUCT_BUNDLE_IDENTIFIER = com.ghostgossip.GhostGab;
				PRODUCT_NAME = "$(TARGET_NAME)";
				SWIFT_VERSION = 3.0;
			};
			name = Debug;
		};
		568DFA8B1D9FF035006CCF26 /* Release */ = {
			isa = XCBuildConfiguration;
			baseConfigurationReference = F51CA3A073C6B311589EDCF6 /* Pods-GhostGab.release.xcconfig */;
			buildSettings = {
				ALWAYS_EMBED_SWIFT_STANDARD_LIBRARIES = YES;
				ASSETCATALOG_COMPILER_APPICON_NAME = AppIcon;
				CODE_SIGN_ENTITLEMENTS = GhostGab/GhostGab.entitlements;
				"CODE_SIGN_IDENTITY[sdk=iphoneos*]" = "iPhone Distribution";
				DEVELOPMENT_TEAM = 7Z67VMB4ND;
				FRAMEWORK_SEARCH_PATHS = (
					"$(inherited)",
					"$(PROJECT_DIR)/FacebookSDKs-iOS-4",
					"$(PROJECT_DIR)",
					"$(PROJECT_DIR)/SinchVerification/swift",
				);
				GCC_GENERATE_TEST_COVERAGE_FILES = NO;
				INFOPLIST_FILE = GhostGab/Info.plist;
				IPHONEOS_DEPLOYMENT_TARGET = 10.0;
				LD_RUNPATH_SEARCH_PATHS = "$(inherited) @executable_path/Frameworks";
				LIBRARY_SEARCH_PATHS = "";
				PRODUCT_BUNDLE_IDENTIFIER = com.ghostgossip.GhostGab;
				PRODUCT_NAME = "$(TARGET_NAME)";
				SWIFT_VERSION = 3.0;
			};
			name = Release;
		};
		568DFA8D1D9FF035006CCF26 /* Debug */ = {
			isa = XCBuildConfiguration;
			baseConfigurationReference = E383060711D340231E7087F4 /* Pods-GhostGabTests.debug.xcconfig */;
			buildSettings = {
				ALWAYS_EMBED_SWIFT_STANDARD_LIBRARIES = YES;
				BUNDLE_LOADER = "$(TEST_HOST)";
				INFOPLIST_FILE = GhostGabTests/Info.plist;
				LD_RUNPATH_SEARCH_PATHS = "$(inherited) @executable_path/Frameworks @loader_path/Frameworks";
				PRODUCT_BUNDLE_IDENTIFIER = com.ghostgossip.GhostGabTests;
				PRODUCT_NAME = "$(TARGET_NAME)";
				SWIFT_VERSION = 3.0;
				TEST_HOST = "$(BUILT_PRODUCTS_DIR)/GhostGab.app/GhostGab";
			};
			name = Debug;
		};
		568DFA8E1D9FF035006CCF26 /* Release */ = {
			isa = XCBuildConfiguration;
			baseConfigurationReference = 84590EBE789A98AB7552C2FC /* Pods-GhostGabTests.release.xcconfig */;
			buildSettings = {
				ALWAYS_EMBED_SWIFT_STANDARD_LIBRARIES = YES;
				BUNDLE_LOADER = "$(TEST_HOST)";
				INFOPLIST_FILE = GhostGabTests/Info.plist;
				LD_RUNPATH_SEARCH_PATHS = "$(inherited) @executable_path/Frameworks @loader_path/Frameworks";
				PRODUCT_BUNDLE_IDENTIFIER = com.ghostgossip.GhostGabTests;
				PRODUCT_NAME = "$(TARGET_NAME)";
				SWIFT_VERSION = 3.0;
				TEST_HOST = "$(BUILT_PRODUCTS_DIR)/GhostGab.app/GhostGab";
			};
			name = Release;
		};
		568DFA901D9FF035006CCF26 /* Debug */ = {
			isa = XCBuildConfiguration;
			baseConfigurationReference = 67EB7954FD98414355E43E66 /* Pods-GhostGabUITests.debug.xcconfig */;
			buildSettings = {
				ALWAYS_EMBED_SWIFT_STANDARD_LIBRARIES = YES;
				INFOPLIST_FILE = GhostGabUITests/Info.plist;
				LD_RUNPATH_SEARCH_PATHS = "$(inherited) @executable_path/Frameworks @loader_path/Frameworks";
				PRODUCT_BUNDLE_IDENTIFIER = com.ghostgossip.GhostGabUITests;
				PRODUCT_NAME = "$(TARGET_NAME)";
				SWIFT_VERSION = 3.0;
				TEST_TARGET_NAME = GhostGab;
			};
			name = Debug;
		};
		568DFA911D9FF035006CCF26 /* Release */ = {
			isa = XCBuildConfiguration;
			baseConfigurationReference = 7E7662F52600F62FFA8AB756 /* Pods-GhostGabUITests.release.xcconfig */;
			buildSettings = {
				ALWAYS_EMBED_SWIFT_STANDARD_LIBRARIES = YES;
				INFOPLIST_FILE = GhostGabUITests/Info.plist;
				LD_RUNPATH_SEARCH_PATHS = "$(inherited) @executable_path/Frameworks @loader_path/Frameworks";
				PRODUCT_BUNDLE_IDENTIFIER = com.ghostgossip.GhostGabUITests;
				PRODUCT_NAME = "$(TARGET_NAME)";
				SWIFT_VERSION = 3.0;
				TEST_TARGET_NAME = GhostGab;
			};
			name = Release;
		};
/* End XCBuildConfiguration section */

/* Begin XCConfigurationList section */
		568DFA5C1D9FF034006CCF26 /* Build configuration list for PBXProject "GhostGab" */ = {
			isa = XCConfigurationList;
			buildConfigurations = (
				568DFA871D9FF035006CCF26 /* Debug */,
				568DFA881D9FF035006CCF26 /* Release */,
			);
			defaultConfigurationIsVisible = 0;
			defaultConfigurationName = Release;
		};
		568DFA891D9FF035006CCF26 /* Build configuration list for PBXNativeTarget "GhostGab" */ = {
			isa = XCConfigurationList;
			buildConfigurations = (
				568DFA8A1D9FF035006CCF26 /* Debug */,
				568DFA8B1D9FF035006CCF26 /* Release */,
			);
			defaultConfigurationIsVisible = 0;
			defaultConfigurationName = Release;
		};
		568DFA8C1D9FF035006CCF26 /* Build configuration list for PBXNativeTarget "GhostGabTests" */ = {
			isa = XCConfigurationList;
			buildConfigurations = (
				568DFA8D1D9FF035006CCF26 /* Debug */,
				568DFA8E1D9FF035006CCF26 /* Release */,
			);
			defaultConfigurationIsVisible = 0;
			defaultConfigurationName = Release;
		};
		568DFA8F1D9FF035006CCF26 /* Build configuration list for PBXNativeTarget "GhostGabUITests" */ = {
			isa = XCConfigurationList;
			buildConfigurations = (
				568DFA901D9FF035006CCF26 /* Debug */,
				568DFA911D9FF035006CCF26 /* Release */,
			);
			defaultConfigurationIsVisible = 0;
			defaultConfigurationName = Release;
		};
/* End XCConfigurationList section */
	};
	rootObject = 568DFA591D9FF034006CCF26 /* Project object */;
}
